{
  "projects": [
    {
      "projectId": "28Ba3BDvRe7EiWdfFNnLB6",
      "version": "2.19.0",
      "dependencies": {},
      "lang": "ts",
      "fileLocks": [
        {
          "assetId": "28Ba3BDvRe7EiWdfFNnLB6",
          "type": "projectCss",
          "checksum": "e1ec850476829c38b0f9b6d4f7ac446a"
        }
      ],
      "codegenVersion": "0.0.1"
    },
    {
      "projectId": "caTPwKxj5ZrD9LQ7DMdK4Z",
      "version": "3.16.0",
      "dependencies": {},
      "lang": "ts",
      "fileLocks": [
        {
          "assetId": "caTPwKxj5ZrD9LQ7DMdK4Z",
          "type": "projectCss",
          "checksum": "9fe64c4dd8439ba4d2df6de161f0ad40"
        }
      ],
      "codegenVersion": "0.0.1"
    },
    {
      "projectId": "YUiM7yqBWAqsh8KSnrdj7",
      "version": "0.15.0",
      "dependencies": {},
      "lang": "ts",
      "fileLocks": [
        {
          "assetId": "YUiM7yqBWAqsh8KSnrdj7",
          "type": "projectCss",
          "checksum": "dac72600b04b6e6a3014e82512a15fe1"
        }
      ],
      "codegenVersion": "0.0.1"
    },
    {
      "projectId": "7nJ7UcFmq9UzB6eXfC5z4a",
      "version": "0.14.0",
      "dependencies": {},
      "lang": "ts",
      "fileLocks": [
        {
          "assetId": "7nJ7UcFmq9UzB6eXfC5z4a",
          "type": "projectCss",
          "checksum": "05587b57f22f0ec8bb54543deb39762e"
        }
      ],
      "codegenVersion": "0.0.1"
    },
    {
      "projectId": "hjKYmYi6HMwK6TRyk7ew5R",
      "version": "6.17.0",
      "dependencies": {},
      "lang": "ts",
      "fileLocks": [
        {
          "assetId": "hjKYmYi6HMwK6TRyk7ew5R",
          "checksum": "812fdf26bc85a5e0d100a76859d3ee26",
          "type": "globalContexts"
        },
        {
          "assetId": "hjKYmYi6HMwK6TRyk7ew5R",
          "type": "projectCss",
          "checksum": "e76cee85e96cb3fff580d5552a47cfe4"
        }
      ],
      "codegenVersion": "0.0.1"
    },
    {
      "projectId": "jLAmXkGdPPYDvKpL9j3cJd",
      "version": "latest",
      "dependencies": {
        "hjKYmYi6HMwK6TRyk7ew5R": "6.17.0",
        "7nJ7UcFmq9UzB6eXfC5z4a": "0.14.0",
        "YUiM7yqBWAqsh8KSnrdj7": "0.15.0",
        "caTPwKxj5ZrD9LQ7DMdK4Z": "3.16.0",
        "28Ba3BDvRe7EiWdfFNnLB6": "2.19.0"
      },
      "lang": "ts",
      "fileLocks": [
        {
          "type": "globalVariant",
          "assetId": "kILw5uiAaS1uF",
          "checksum": "9a1f5e831414c93cc3f391cc45f5e89c"
        },
        {
          "type": "globalVariant",
          "assetId": "ler0n_6lU4",
          "checksum": "af2d2e0aa117ade3df03e15f23add483"
        },
        {
          "assetId": "jLAmXkGdPPYDvKpL9j3cJd",
          "checksum": "9f5918fc9cf524a6eb07947a4c850d07",
          "type": "globalContexts"
        },
        {
          "type": "renderModule",
          "assetId": "skdcktnuML",
          "checksum": "5d063c964db32487e9cd4bb21b3e2229"
        },
        {
          "type": "cssRules",
          "assetId": "skdcktnuML",
          "checksum": "5d063c964db32487e9cd4bb21b3e2229"
        },
        {
          "type": "renderModule",
          "assetId": "16yj8MRmRBT",
          "checksum": "0d7bcc30ad6edb9ec3c3397192b74c57"
        },
        {
          "type": "cssRules",
          "assetId": "16yj8MRmRBT",
          "checksum": "0d7bcc30ad6edb9ec3c3397192b74c57"
        },
        {
          "type": "renderModule",
          "assetId": "MOzF3Fhy2s",
          "checksum": "feb2c3f87aaab9ab4d7079f3b7c82ced"
        },
        {
          "type": "cssRules",
          "assetId": "MOzF3Fhy2s",
          "checksum": "feb2c3f87aaab9ab4d7079f3b7c82ced"
        },
        {
          "type": "renderModule",
          "assetId": "C5n9cmwHg6f",
          "checksum": "271ba6780edccd37bfed4e634e78d6b5"
        },
        {
          "type": "cssRules",
          "assetId": "C5n9cmwHg6f",
          "checksum": "271ba6780edccd37bfed4e634e78d6b5"
        },
        {
          "type": "renderModule",
          "assetId": "VBD1lfaH6xV",
          "checksum": "ee6bf70b74739ba0b6e43b7ef9ef5a98"
        },
        {
          "type": "cssRules",
          "assetId": "VBD1lfaH6xV",
          "checksum": "ee6bf70b74739ba0b6e43b7ef9ef5a98"
        },
        {
          "type": "renderModule",
          "assetId": "1Xqtr1aGys",
          "checksum": "dfdecfeae4ddb5483b25b04af3f94bd7"
        },
        {
          "type": "cssRules",
          "assetId": "1Xqtr1aGys",
          "checksum": "dfdecfeae4ddb5483b25b04af3f94bd7"
        },
        {
          "type": "renderModule",
          "assetId": "HLCMdt64_9V",
          "checksum": "c8dc014f575b7b52edc87668d31b80fe"
        },
        {
          "type": "cssRules",
          "assetId": "HLCMdt64_9V",
          "checksum": "c8dc014f575b7b52edc87668d31b80fe"
        },
        {
          "type": "renderModule",
          "assetId": "a7pox4NMuYQ",
          "checksum": "f3440a1b2f2849d9089abd8e77e7a7e1"
        },
        {
          "type": "cssRules",
          "assetId": "a7pox4NMuYQ",
          "checksum": "f3440a1b2f2849d9089abd8e77e7a7e1"
        },
        {
          "type": "renderModule",
          "assetId": "EV2qDJ3DrUG",
          "checksum": "33c1dc261bab6c5ee941ee7824528426"
        },
        {
          "type": "cssRules",
          "assetId": "EV2qDJ3DrUG",
          "checksum": "33c1dc261bab6c5ee941ee7824528426"
        },
        {
          "type": "renderModule",
          "assetId": "6v3O_-qmHiP",
          "checksum": "c5a1d0d4e50fa911797704063cf27cab"
        },
        {
          "type": "cssRules",
          "assetId": "6v3O_-qmHiP",
          "checksum": "c5a1d0d4e50fa911797704063cf27cab"
        },
        {
          "type": "renderModule",
          "assetId": "cUZC9S1-0sL",
          "checksum": "ea2b9d651eef4a004952bfedd4c42665"
        },
        {
          "type": "cssRules",
          "assetId": "cUZC9S1-0sL",
          "checksum": "ea2b9d651eef4a004952bfedd4c42665"
        },
        {
          "type": "renderModule",
          "assetId": "TJwdvQ55yqK",
          "checksum": "6cf891bd459150909d2595dacff8b420"
        },
        {
          "type": "cssRules",
          "assetId": "TJwdvQ55yqK",
          "checksum": "6cf891bd459150909d2595dacff8b420"
        },
        {
          "type": "renderModule",
          "assetId": "Iw1cdeIou4",
          "checksum": "266d7ef31c2686c3a62e73909d3988d7"
        },
        {
          "type": "cssRules",
          "assetId": "Iw1cdeIou4",
          "checksum": "266d7ef31c2686c3a62e73909d3988d7"
        },
        {
          "type": "icon",
          "assetId": "jB6EtyTQhe5UX",
          "checksum": "01bf455c34c4b9bd50d9bb77cedc3db5"
        },
        {
          "type": "icon",
          "assetId": "aExR7mqu1-8",
          "checksum": "74840f5be2b923dc032484c6ee5cec3b"
        },
        {
          "type": "icon",
          "assetId": "nRPVX95eDxZ",
          "checksum": "713384925aab67294c0549d78c323faa"
        },
        {
          "type": "icon",
          "assetId": "UAy27vUVGueJ",
          "checksum": "6eb1dce5c47d924faa4ed75962dbba01"
        },
        {
          "type": "icon",
          "assetId": "TgLbINC6PndC",
          "checksum": "450ff7d32f3a2e2cfcff0eabea1c545c"
        },
        {
          "type": "icon",
          "assetId": "g1j_XxrLjbNK",
          "checksum": "83dde5b4fa82b14087016718ae128fdf"
        },
        {
          "type": "image",
          "assetId": "Oy5yWPkj7",
          "checksum": "49457597cfb6f52a29d61fe603da1f5f"
        },
        {
          "type": "image",
          "assetId": "zaBuynH_G",
          "checksum": "0133ea479824f03d78fcfa024921d1cf"
        },
        {
          "type": "image",
          "assetId": "YhFYw-awD",
          "checksum": "25db00149f6dd43aad3160fa367b0b03"
        },
        {
          "type": "image",
          "assetId": "IWxwm9VuZ",
          "checksum": "ef0ae5f8090b50545d5ad86ab9054edd"
        },
        {
          "type": "image",
          "assetId": "5UIvmRLOr",
          "checksum": "89d7d462503902156b020a3113929b6d"
        },
        {
          "type": "image",
          "assetId": "hyxjcYqpG7",
          "checksum": "30ec5584840d57f1a78f04f69674fa68"
        },
        {
          "type": "image",
          "assetId": "odeblsO1Yj",
          "checksum": "eb9ff584321d930b926aca136567f11f"
        },
        {
          "type": "image",
          "assetId": "oXHQeqkJR",
          "checksum": "688bfc97ceac57da6bb8605bd8987da3"
        },
        {
          "type": "image",
          "assetId": "65kNczT0e",
          "checksum": "5a8939636a7569b649464979466004b8"
        },
        {
          "type": "image",
          "assetId": "DBFq2ZNDc",
          "checksum": "1797423b29b5b073b866fc3e48389655"
        },
        {
          "type": "image",
          "assetId": "rdIaImuoX",
          "checksum": "3706391423b9dfea0d3e8194d1fb3f63"
        },
        {
          "type": "image",
          "assetId": "KDqaStlI9",
          "checksum": "9cd456b1258c5bafcfd8b0a16609b71a"
        },
        {
          "type": "image",
          "assetId": "-U1nZFIib",
          "checksum": "0086842792ae2d45fdfb366f3f2cff75"
        },
        {
          "type": "image",
          "assetId": "0HDrxjhih",
          "checksum": "0331623b706fbd7c66ef1ee595bb724d"
        },
        {
          "type": "image",
          "assetId": "ILVuqAAq8",
          "checksum": "bfee678b3d52d3b1ba2ccff9b04f7809"
        },
        {
          "type": "image",
          "assetId": "x8VaSZb3T",
          "checksum": "5346c3eb574ead9ccfc8de77fd6c0e5c"
        },
        {
          "type": "image",
          "assetId": "RtZ9OVpv_",
          "checksum": "bad844d1f8894c3a2e1f4b451c980737"
        },
        {
          "type": "renderModule",
          "assetId": "_4O1QdxW3S1",
          "checksum": "e744bf8857f0523335684e1bf82115ca"
        },
        {
          "type": "cssRules",
          "assetId": "_4O1QdxW3S1",
          "checksum": "e744bf8857f0523335684e1bf82115ca"
        },
        {
          "assetId": "jLAmXkGdPPYDvKpL9j3cJd",
          "type": "projectCss",
          "checksum": "46d0026aed40119d28a1276b644df6a9"
        }
      ],
      "codegenVersion": "0.0.1"
    }
  ],
  "cliVersion": "0.1.211"
}
