{
  "projects": [
    {
      "projectId": "28Ba3BDvRe7EiWdfFNnLB6",
      "version": "2.18.0",
      "dependencies": {},
      "lang": "ts",
      "fileLocks": [
        {
          "assetId": "28Ba3BDvRe7EiWdfFNnLB6",
          "type": "projectCss",
          "checksum": "acc49002cf2bb27c825cd645bcdb7311"
        }
      ],
      "codegenVersion": "0.0.1"
    },
    {
      "projectId": "caTPwKxj5ZrD9LQ7DMdK4Z",
      "version": "3.15.0",
      "dependencies": {},
      "lang": "ts",
      "fileLocks": [
        {
          "assetId": "caTPwKxj5ZrD9LQ7DMdK4Z",
          "type": "projectCss",
          "checksum": "83d5f1930066325a8f34ed77f0239d4a"
        }
      ],
      "codegenVersion": "0.0.1"
    },
    {
      "projectId": "YUiM7yqBWAqsh8KSnrdj7",
      "version": "0.14.0",
      "dependencies": {},
      "lang": "ts",
      "fileLocks": [
        {
          "assetId": "YUiM7yqBWAqsh8KSnrdj7",
          "type": "projectCss",
          "checksum": "c6b9347784b40cba8008d5888e02da7b"
        }
      ],
      "codegenVersion": "0.0.1"
    },
    {
      "projectId": "7nJ7UcFmq9UzB6eXfC5z4a",
      "version": "0.13.0",
      "dependencies": {},
      "lang": "ts",
      "fileLocks": [
        {
          "assetId": "7nJ7UcFmq9UzB6eXfC5z4a",
          "type": "projectCss",
          "checksum": "620158b11d2acad6742550afabaf3e3e"
        }
      ],
      "codegenVersion": "0.0.1"
    },
    {
      "projectId": "hjKYmYi6HMwK6TRyk7ew5R",
      "version": "6.16.0",
      "dependencies": {},
      "lang": "ts",
      "fileLocks": [
        {
          "assetId": "hjKYmYi6HMwK6TRyk7ew5R",
          "checksum": "812fdf26bc85a5e0d100a76859d3ee26",
          "type": "globalContexts"
        },
        {
          "assetId": "hjKYmYi6HMwK6TRyk7ew5R",
          "type": "projectCss",
          "checksum": "8a384759b844edb5cb4ebe552ce737be"
        }
      ],
      "codegenVersion": "0.0.1"
    },
    {
      "projectId": "jLAmXkGdPPYDvKpL9j3cJd",
      "version": "latest",
      "dependencies": {
        "hjKYmYi6HMwK6TRyk7ew5R": "6.16.0",
        "7nJ7UcFmq9UzB6eXfC5z4a": "0.13.0",
        "YUiM7yqBWAqsh8KSnrdj7": "0.14.0",
        "caTPwKxj5ZrD9LQ7DMdK4Z": "3.15.0",
        "28Ba3BDvRe7EiWdfFNnLB6": "2.18.0"
      },
      "lang": "ts",
      "fileLocks": [
        {
          "type": "globalVariant",
          "assetId": "kILw5uiAaS1uF",
          "checksum": "9a1f5e831414c93cc3f391cc45f5e89c"
        },
        {
          "type": "globalVariant",
          "assetId": "ler0n_6lU4",
          "checksum": "af2d2e0aa117ade3df03e15f23add483"
        },
        {
          "assetId": "jLAmXkGdPPYDvKpL9j3cJd",
          "checksum": "9f5918fc9cf524a6eb07947a4c850d07",
          "type": "globalContexts"
        },
        {
          "type": "renderModule",
          "assetId": "skdcktnuML",
          "checksum": "fe7185c8ae2fd45c5f1016e9ba0862f9"
        },
        {
          "type": "cssRules",
          "assetId": "skdcktnuML",
          "checksum": "fe7185c8ae2fd45c5f1016e9ba0862f9"
        },
        {
          "type": "renderModule",
          "assetId": "16yj8MRmRBT",
          "checksum": "fb09f120f36878d9190685b5e010d2a8"
        },
        {
          "type": "cssRules",
          "assetId": "16yj8MRmRBT",
          "checksum": "fb09f120f36878d9190685b5e010d2a8"
        },
        {
          "type": "renderModule",
          "assetId": "MOzF3Fhy2s",
          "checksum": "feb2c3f87aaab9ab4d7079f3b7c82ced"
        },
        {
          "type": "cssRules",
          "assetId": "MOzF3Fhy2s",
          "checksum": "feb2c3f87aaab9ab4d7079f3b7c82ced"
        },
        {
          "type": "renderModule",
          "assetId": "C5n9cmwHg6f",
          "checksum": "834875d7dd1beef9cd49780e14759388"
        },
        {
          "type": "cssRules",
          "assetId": "C5n9cmwHg6f",
          "checksum": "834875d7dd1beef9cd49780e14759388"
        },
        {
          "type": "renderModule",
          "assetId": "VBD1lfaH6xV",
          "checksum": "9f09fb23313c2a8af37525cc116e9348"
        },
        {
          "type": "cssRules",
          "assetId": "VBD1lfaH6xV",
          "checksum": "9f09fb23313c2a8af37525cc116e9348"
        },
        {
          "type": "renderModule",
          "assetId": "1Xqtr1aGys",
          "checksum": "f05af0f08f15ce36b06c9307b8242247"
        },
        {
          "type": "cssRules",
          "assetId": "1Xqtr1aGys",
          "checksum": "f05af0f08f15ce36b06c9307b8242247"
        },
        {
          "type": "renderModule",
          "assetId": "HLCMdt64_9V",
          "checksum": "23b4cab88b872b9b2fb040514535fac5"
        },
        {
          "type": "cssRules",
          "assetId": "HLCMdt64_9V",
          "checksum": "23b4cab88b872b9b2fb040514535fac5"
        },
        {
          "type": "renderModule",
          "assetId": "a7pox4NMuYQ",
          "checksum": "cade3dcf50b3be644ef2db4cef9c2d8e"
        },
        {
          "type": "cssRules",
          "assetId": "a7pox4NMuYQ",
          "checksum": "cade3dcf50b3be644ef2db4cef9c2d8e"
        },
        {
          "type": "renderModule",
          "assetId": "EV2qDJ3DrUG",
          "checksum": "dd5e656dc21da2e68de0fab5c82cfafc"
        },
        {
          "type": "cssRules",
          "assetId": "EV2qDJ3DrUG",
          "checksum": "dd5e656dc21da2e68de0fab5c82cfafc"
        },
        {
          "type": "renderModule",
          "assetId": "6v3O_-qmHiP",
          "checksum": "113405282d30e41da9661e068a7884ff"
        },
        {
          "type": "cssRules",
          "assetId": "6v3O_-qmHiP",
          "checksum": "113405282d30e41da9661e068a7884ff"
        },
        {
          "type": "renderModule",
          "assetId": "cUZC9S1-0sL",
          "checksum": "baceec0baa8125f407e2a7b3c4cae850"
        },
        {
          "type": "cssRules",
          "assetId": "cUZC9S1-0sL",
          "checksum": "baceec0baa8125f407e2a7b3c4cae850"
        },
        {
          "type": "renderModule",
          "assetId": "TJwdvQ55yqK",
          "checksum": "6cf891bd459150909d2595dacff8b420"
        },
        {
          "type": "cssRules",
          "assetId": "TJwdvQ55yqK",
          "checksum": "6cf891bd459150909d2595dacff8b420"
        },
        {
          "type": "renderModule",
          "assetId": "Iw1cdeIou4",
          "checksum": "266d7ef31c2686c3a62e73909d3988d7"
        },
        {
          "type": "cssRules",
          "assetId": "Iw1cdeIou4",
          "checksum": "266d7ef31c2686c3a62e73909d3988d7"
        },
        {
          "type": "icon",
          "assetId": "jB6EtyTQhe5UX",
          "checksum": "01bf455c34c4b9bd50d9bb77cedc3db5"
        },
        {
          "type": "icon",
          "assetId": "aExR7mqu1-8",
          "checksum": "74840f5be2b923dc032484c6ee5cec3b"
        },
        {
          "type": "icon",
          "assetId": "nRPVX95eDxZ",
          "checksum": "713384925aab67294c0549d78c323faa"
        },
        {
          "type": "icon",
          "assetId": "UAy27vUVGueJ",
          "checksum": "6eb1dce5c47d924faa4ed75962dbba01"
        },
        {
          "type": "icon",
          "assetId": "TgLbINC6PndC",
          "checksum": "450ff7d32f3a2e2cfcff0eabea1c545c"
        },
        {
          "type": "icon",
          "assetId": "g1j_XxrLjbNK",
          "checksum": "83dde5b4fa82b14087016718ae128fdf"
        },
        {
          "type": "image",
          "assetId": "Oy5yWPkj7",
          "checksum": "49457597cfb6f52a29d61fe603da1f5f"
        },
        {
          "type": "image",
          "assetId": "zaBuynH_G",
          "checksum": "0133ea479824f03d78fcfa024921d1cf"
        },
        {
          "type": "image",
          "assetId": "YhFYw-awD",
          "checksum": "25db00149f6dd43aad3160fa367b0b03"
        },
        {
          "type": "image",
          "assetId": "IWxwm9VuZ",
          "checksum": "ef0ae5f8090b50545d5ad86ab9054edd"
        },
        {
          "type": "image",
          "assetId": "5UIvmRLOr",
          "checksum": "89d7d462503902156b020a3113929b6d"
        },
        {
          "type": "image",
          "assetId": "hyxjcYqpG7",
          "checksum": "30ec5584840d57f1a78f04f69674fa68"
        },
        {
          "type": "image",
          "assetId": "odeblsO1Yj",
          "checksum": "eb9ff584321d930b926aca136567f11f"
        },
        {
          "type": "image",
          "assetId": "oXHQeqkJR",
          "checksum": "688bfc97ceac57da6bb8605bd8987da3"
        },
        {
          "type": "image",
          "assetId": "65kNczT0e",
          "checksum": "5a8939636a7569b649464979466004b8"
        },
        {
          "type": "image",
          "assetId": "DBFq2ZNDc",
          "checksum": "1797423b29b5b073b866fc3e48389655"
        },
        {
          "type": "image",
          "assetId": "rdIaImuoX",
          "checksum": "3706391423b9dfea0d3e8194d1fb3f63"
        },
        {
          "type": "image",
          "assetId": "KDqaStlI9",
          "checksum": "9cd456b1258c5bafcfd8b0a16609b71a"
        },
        {
          "type": "image",
          "assetId": "-U1nZFIib",
          "checksum": "0086842792ae2d45fdfb366f3f2cff75"
        },
        {
          "type": "image",
          "assetId": "0HDrxjhih",
          "checksum": "0331623b706fbd7c66ef1ee595bb724d"
        },
        {
          "type": "image",
          "assetId": "ILVuqAAq8",
          "checksum": "bfee678b3d52d3b1ba2ccff9b04f7809"
        },
        {
          "type": "image",
          "assetId": "x8VaSZb3T",
          "checksum": "5346c3eb574ead9ccfc8de77fd6c0e5c"
        },
        {
          "type": "image",
          "assetId": "RtZ9OVpv_",
          "checksum": "bad844d1f8894c3a2e1f4b451c980737"
        },
        {
          "assetId": "jLAmXkGdPPYDvKpL9j3cJd",
          "type": "projectCss",
          "checksum": "de21d69a74b377c9564059118c52b9d0"
        },
        {
          "type": "renderModule",
          "assetId": "_4O1QdxW3S1",
          "checksum": "eec98300e3b72b7ea57b874dcdd610b3"
        },
        {
          "type": "cssRules",
          "assetId": "_4O1QdxW3S1",
          "checksum": "eec98300e3b72b7ea57b874dcdd610b3"
        }
      ],
      "codegenVersion": "0.0.1"
    }
  ],
  "cliVersion": "0.1.211"
}
