{
  "projects": [
    {
      "projectId": "28Ba3BDvRe7EiWdfFNnLB6",
      "version": "2.12.2",
      "dependencies": {},
      "lang": "ts",
      "fileLocks": [
        {
          "assetId": "28Ba3BDvRe7EiWdfFNnLB6",
          "type": "projectCss",
          "checksum": "740650b05472db4e42801b334405144a"
        }
      ],
      "codegenVersion": "0.0.1"
    },
    {
      "projectId": "caTPwKxj5ZrD9LQ7DMdK4Z",
      "version": "3.11.0",
      "dependencies": {},
      "lang": "ts",
      "fileLocks": [
        {
          "assetId": "caTPwKxj5ZrD9LQ7DMdK4Z",
          "type": "projectCss",
          "checksum": "3f861d9934733b06ddcc0158487615ce"
        }
      ],
      "codegenVersion": "0.0.1"
    },
    {
      "projectId": "YUiM7yqBWAqsh8KSnrdj7",
      "version": "0.10.0",
      "dependencies": {},
      "lang": "ts",
      "fileLocks": [
        {
          "assetId": "YUiM7yqBWAqsh8KSnrdj7",
          "type": "projectCss",
          "checksum": "6be9dbec891937cda3b59d2fd3c44796"
        }
      ],
      "codegenVersion": "0.0.1"
    },
    {
      "projectId": "7nJ7UcFmq9UzB6eXfC5z4a",
      "version": "0.8.0",
      "dependencies": {},
      "lang": "ts",
      "fileLocks": [
        {
          "assetId": "7nJ7UcFmq9UzB6eXfC5z4a",
          "type": "projectCss",
          "checksum": "8cf9dfd353bbaf2b2583e7046e8136fb"
        }
      ],
      "codegenVersion": "0.0.1"
    },
    {
      "projectId": "hjKYmYi6HMwK6TRyk7ew5R",
      "version": "6.11.0",
      "dependencies": {},
      "lang": "ts",
      "fileLocks": [
        {
          "assetId": "hjKYmYi6HMwK6TRyk7ew5R",
          "type": "projectCss",
          "checksum": "e2a20cff976d3b9fabfeecba32540b91"
        },
        {
          "assetId": "hjKYmYi6HMwK6TRyk7ew5R",
          "checksum": "090afba908f762c0bd0061c3d5d62529",
          "type": "globalContexts"
        }
      ],
      "codegenVersion": "0.0.1"
    },
    {
      "projectId": "jLAmXkGdPPYDvKpL9j3cJd",
      "version": "latest",
      "dependencies": {
        "hjKYmYi6HMwK6TRyk7ew5R": "6.11.0",
        "7nJ7UcFmq9UzB6eXfC5z4a": "0.8.0",
        "YUiM7yqBWAqsh8KSnrdj7": "0.10.0",
        "caTPwKxj5ZrD9LQ7DMdK4Z": "3.11.0",
        "28Ba3BDvRe7EiWdfFNnLB6": "2.12.2"
      },
      "lang": "ts",
      "fileLocks": [
        {
          "type": "globalVariant",
          "assetId": "kILw5uiAaS1uF",
          "checksum": "3e055321503df75f1c7ebd2c28d02127"
        },
        {
          "type": "globalVariant",
          "assetId": "ler0n_6lU4",
          "checksum": "fee64bb616779e3b20eff2b71661d053"
        },
        {
          "assetId": "jLAmXkGdPPYDvKpL9j3cJd",
          "checksum": "b40cf1803b95ea1f439602204448fed7",
          "type": "globalContexts"
        },
        {
          "type": "renderModule",
          "assetId": "skdcktnuML",
          "checksum": "04d4b9971dfaf74ddd21cda96eb82c13"
        },
        {
          "type": "cssRules",
          "assetId": "skdcktnuML",
          "checksum": "04d4b9971dfaf74ddd21cda96eb82c13"
        },
        {
          "type": "renderModule",
          "assetId": "16yj8MRmRBT",
          "checksum": "f742c74b67d0794b0fd775adedafe894"
        },
        {
          "type": "cssRules",
          "assetId": "16yj8MRmRBT",
          "checksum": "f742c74b67d0794b0fd775adedafe894"
        },
        {
          "type": "renderModule",
          "assetId": "MOzF3Fhy2s",
          "checksum": "6015e678834e7cf7872f09f137b6bfa1"
        },
        {
          "type": "cssRules",
          "assetId": "MOzF3Fhy2s",
          "checksum": "6015e678834e7cf7872f09f137b6bfa1"
        },
        {
          "type": "renderModule",
          "assetId": "C5n9cmwHg6f",
          "checksum": "5753739ebe2ab734f5f1645c2b635de6"
        },
        {
          "type": "cssRules",
          "assetId": "C5n9cmwHg6f",
          "checksum": "5753739ebe2ab734f5f1645c2b635de6"
        },
        {
          "type": "renderModule",
          "assetId": "VBD1lfaH6xV",
          "checksum": "a984bd6d0448f30828fc5decb3b679e9"
        },
        {
          "type": "cssRules",
          "assetId": "VBD1lfaH6xV",
          "checksum": "a984bd6d0448f30828fc5decb3b679e9"
        },
        {
          "type": "renderModule",
          "assetId": "1Xqtr1aGys",
          "checksum": "c66a9ac2042c8dadf7ed8a46d5a8e1da"
        },
        {
          "type": "cssRules",
          "assetId": "1Xqtr1aGys",
          "checksum": "c66a9ac2042c8dadf7ed8a46d5a8e1da"
        },
        {
          "type": "renderModule",
          "assetId": "HLCMdt64_9V",
          "checksum": "91e35b67eb2c266cec9c817b4bb3ed92"
        },
        {
          "type": "cssRules",
          "assetId": "HLCMdt64_9V",
          "checksum": "91e35b67eb2c266cec9c817b4bb3ed92"
        },
        {
          "type": "renderModule",
          "assetId": "a7pox4NMuYQ",
          "checksum": "c0308fe477b364e20de7d492615db0fd"
        },
        {
          "type": "cssRules",
          "assetId": "a7pox4NMuYQ",
          "checksum": "c0308fe477b364e20de7d492615db0fd"
        },
        {
          "type": "renderModule",
          "assetId": "EV2qDJ3DrUG",
          "checksum": "475a6204a1bbc3daa1afbfe41c87f930"
        },
        {
          "type": "cssRules",
          "assetId": "EV2qDJ3DrUG",
          "checksum": "475a6204a1bbc3daa1afbfe41c87f930"
        },
        {
          "type": "renderModule",
          "assetId": "6v3O_-qmHiP",
          "checksum": "f8c6c7de805e1f867d1a585af12872b9"
        },
        {
          "type": "cssRules",
          "assetId": "6v3O_-qmHiP",
          "checksum": "f8c6c7de805e1f867d1a585af12872b9"
        },
        {
          "type": "renderModule",
          "assetId": "cUZC9S1-0sL",
          "checksum": "342645e9724851c5f3a041ad710d057a"
        },
        {
          "type": "cssRules",
          "assetId": "cUZC9S1-0sL",
          "checksum": "342645e9724851c5f3a041ad710d057a"
        },
        {
          "type": "renderModule",
          "assetId": "TJwdvQ55yqK",
          "checksum": "b0e794272dd3547eec86615b3fb097b6"
        },
        {
          "type": "cssRules",
          "assetId": "TJwdvQ55yqK",
          "checksum": "b0e794272dd3547eec86615b3fb097b6"
        },
        {
          "type": "renderModule",
          "assetId": "Iw1cdeIou4",
          "checksum": "ba0d4d048001a6dac334689dcb5d62c7"
        },
        {
          "type": "cssRules",
          "assetId": "Iw1cdeIou4",
          "checksum": "ba0d4d048001a6dac334689dcb5d62c7"
        },
        {
          "type": "icon",
          "assetId": "jB6EtyTQhe5UX",
          "checksum": "01bf455c34c4b9bd50d9bb77cedc3db5"
        },
        {
          "type": "icon",
          "assetId": "aExR7mqu1-8",
          "checksum": "74840f5be2b923dc032484c6ee5cec3b"
        },
        {
          "type": "icon",
          "assetId": "nRPVX95eDxZ",
          "checksum": "713384925aab67294c0549d78c323faa"
        },
        {
          "type": "icon",
          "assetId": "UAy27vUVGueJ",
          "checksum": "6eb1dce5c47d924faa4ed75962dbba01"
        },
        {
          "type": "icon",
          "assetId": "TgLbINC6PndC",
          "checksum": "450ff7d32f3a2e2cfcff0eabea1c545c"
        },
        {
          "type": "icon",
          "assetId": "g1j_XxrLjbNK",
          "checksum": "83dde5b4fa82b14087016718ae128fdf"
        },
        {
          "type": "image",
          "assetId": "Oy5yWPkj7",
          "checksum": "49457597cfb6f52a29d61fe603da1f5f"
        },
        {
          "type": "image",
          "assetId": "zaBuynH_G",
          "checksum": "0133ea479824f03d78fcfa024921d1cf"
        },
        {
          "type": "image",
          "assetId": "YhFYw-awD",
          "checksum": "25db00149f6dd43aad3160fa367b0b03"
        },
        {
          "type": "image",
          "assetId": "IWxwm9VuZ",
          "checksum": "ef0ae5f8090b50545d5ad86ab9054edd"
        },
        {
          "type": "image",
          "assetId": "5UIvmRLOr",
          "checksum": "89d7d462503902156b020a3113929b6d"
        },
        {
          "type": "image",
          "assetId": "hyxjcYqpG7",
          "checksum": "30ec5584840d57f1a78f04f69674fa68"
        },
        {
          "type": "image",
          "assetId": "odeblsO1Yj",
          "checksum": "eb9ff584321d930b926aca136567f11f"
        },
        {
          "type": "image",
          "assetId": "oXHQeqkJR",
          "checksum": "688bfc97ceac57da6bb8605bd8987da3"
        },
        {
          "type": "image",
          "assetId": "65kNczT0e",
          "checksum": "5a8939636a7569b649464979466004b8"
        },
        {
          "type": "image",
          "assetId": "DBFq2ZNDc",
          "checksum": "1797423b29b5b073b866fc3e48389655"
        },
        {
          "type": "image",
          "assetId": "rdIaImuoX",
          "checksum": "3706391423b9dfea0d3e8194d1fb3f63"
        },
        {
          "type": "image",
          "assetId": "KDqaStlI9",
          "checksum": "9cd456b1258c5bafcfd8b0a16609b71a"
        },
        {
          "type": "image",
          "assetId": "-U1nZFIib",
          "checksum": "0086842792ae2d45fdfb366f3f2cff75"
        },
        {
          "type": "image",
          "assetId": "0HDrxjhih",
          "checksum": "0331623b706fbd7c66ef1ee595bb724d"
        },
        {
          "type": "image",
          "assetId": "ILVuqAAq8",
          "checksum": "bfee678b3d52d3b1ba2ccff9b04f7809"
        },
        {
          "type": "image",
          "assetId": "x8VaSZb3T",
          "checksum": "5346c3eb574ead9ccfc8de77fd6c0e5c"
        },
        {
          "type": "image",
          "assetId": "RtZ9OVpv_",
          "checksum": "bad844d1f8894c3a2e1f4b451c980737"
        },
        {
          "assetId": "jLAmXkGdPPYDvKpL9j3cJd",
          "type": "projectCss",
          "checksum": "55e9901e80a18b2b16078c988c0d1f94"
        }
      ],
      "codegenVersion": "0.0.1"
    }
  ],
  "cliVersion": "0.1.211"
}
